
Microsoft Visual Studio Solution File, Format Version 12.00
# Visual Studio Version 16
VisualStudioVersion = 16.0.28729.10
MinimumVisualStudioVersion = 10.0.40219.1
Project("{8BC9CEB8-8B4A-11D0-8D11-00A0C91BC942}") = "Pi-Tags", "Pi-Tags\Pi-Tags.vcxproj", "{F545FFC7-B501-451A-9E03-CF54B8E2E6AD}"
EndProject
Global
	GlobalSection(SolutionConfigurationPlatforms) = preSolution
		Debug|x64 = Debug|x64
		Debug|x86 = Debug|x86
		Release|x64 = Release|x64
		Release|x86 = Release|x86
	EndGlobalSection
	GlobalSection(ProjectConfigurationPlatforms) = postSolution
		{F545FFC7-B501-451A-9E03-CF54B8E2E6AD}.Debug|x64.ActiveCfg = Debug|x64
		{F545FFC7-B501-451A-9E03-CF54B8E2E6AD}.Debug|x64.Build.0 = Debug|x64
		{F545FFC7-B501-451A-9E03-CF54B8E2E6AD}.Debug|x86.ActiveCfg = Debug|Win32
		{F545FFC7-B501-451A-9E03-CF54B8E2E6AD}.Debug|x86.Build.0 = Debug|Win32
		{F545FFC7-B501-451A-9E03-CF54B8E2E6AD}.Release|x64.ActiveCfg = Release|x64
		{F545FFC7-B501-451A-9E03-CF54B8E2E6AD}.Release|x64.Build.0 = Release|x64
		{F545FFC7-B501-451A-9E03-CF54B8E2E6AD}.Release|x86.ActiveCfg = Release|Win32
		{F545FFC7-B501-451A-9E03-CF54B8E2E6AD}.Release|x86.Build.0 = Release|Win32
	EndGlobalSection
	GlobalSection(SolutionProperties) = preSolution
		HideSolutionNode = FALSE
	EndGlobalSection
	GlobalSection(ExtensibilityGlobals) = postSolution
		SolutionGuid = {87D30336-9B20-407D-B446-2DDC428AB8CC}
	EndGlobalSection
EndGlobal
